
Microsoft Visual Studio Solution File, Format Version 12.00
# Visual Studio 15
VisualStudioVersion = 15.0.28307.438
MinimumVisualStudioVersion = 10.0.40219.1
Project("{159641D6-6404-4A2A-AE62-294DE0FE8301}") = "Assignment1Part3_NYC_PROPERTY_SALES", "Assignment1Part3_NYC_PROPERTY_SALES\Assignment1Part3_NYC_PROPERTY_SALES.dtproj", "{4910842F-8BB4-4CA2-8916-BC1AA6A66413}"
EndProject
Global
	GlobalSection(SolutionConfigurationPlatforms) = preSolution
		Development|Default = Development|Default
	EndGlobalSection
	GlobalSection(ProjectConfigurationPlatforms) = postSolution
		{4910842F-8BB4-4CA2-8916-BC1AA6A66413}.Development|Default.ActiveCfg = Development
		{4910842F-8BB4-4CA2-8916-BC1AA6A66413}.Development|Default.Build.0 = Development
	EndGlobalSection
	GlobalSection(SolutionProperties) = preSolution
		HideSolutionNode = FALSE
	EndGlobalSection
	GlobalSection(ExtensibilityGlobals) = postSolution
		SolutionGuid = {2532F857-6B92-45ED-A88E-2D375BD3FEBC}
	EndGlobalSection
EndGlobal
